{
  "name": "Create-Hack",
  "lockfileVersion": 3,
  "requires": true,
  "packages": {
    "": {
      "dependencies": {
        "country-flag-icons": "^1.5.19"
      }
    },
    "node_modules/country-flag-icons": {
      "version": "1.5.19",
      "resolved": "https://registry.npmjs.org/country-flag-icons/-/country-flag-icons-1.5.19.tgz",
      "integrity": "sha512-D/ZkRyj+ywJC6b2IrAN3/tpbReMUqmuRLlcKFoY/o0+EPQN9Ev/e8tV+D3+9scvu/tarxwLErNwS73C3yzxs/g==",
      "license": "MIT"
    }
  }
}
